
Microsoft Visual Studio Solution File, Format Version 12.00
# Visual Studio Version 17
VisualStudioVersion = 17.12.35527.113 d17.12
MinimumVisualStudioVersion = 10.0.40219.1
Project("{FAE04EC0-301F-11D3-BF4B-00C04F79EFBC}") = "DimitarDimitrov11e", "DimitarDimitrov11e.csproj", "{ED1A994C-0452-4985-92DC-1CFFDCAE0BD9}"
EndProject
Project("{FAE04EC0-301F-11D3-BF4B-00C04F79EFBC}") = "TestProject1", "..\TestProject1\TestProject1.csproj", "{08F580BF-2BE7-4C56-9A1E-A35DA54A3FB0}"
EndProject
Global
	GlobalSection(SolutionConfigurationPlatforms) = preSolution
		Debug|Any CPU = Debug|Any CPU
		Release|Any CPU = Release|Any CPU
	EndGlobalSection
	GlobalSection(ProjectConfigurationPlatforms) = postSolution
		{ED1A994C-0452-4985-92DC-1CFFDCAE0BD9}.Debug|Any CPU.ActiveCfg = Debug|Any CPU
		{ED1A994C-0452-4985-92DC-1CFFDCAE0BD9}.Debug|Any CPU.Build.0 = Debug|Any CPU
		{ED1A994C-0452-4985-92DC-1CFFDCAE0BD9}.Release|Any CPU.ActiveCfg = Release|Any CPU
		{ED1A994C-0452-4985-92DC-1CFFDCAE0BD9}.Release|Any CPU.Build.0 = Release|Any CPU
		{08F580BF-2BE7-4C56-9A1E-A35DA54A3FB0}.Debug|Any CPU.ActiveCfg = Debug|Any CPU
		{08F580BF-2BE7-4C56-9A1E-A35DA54A3FB0}.Debug|Any CPU.Build.0 = Debug|Any CPU
		{08F580BF-2BE7-4C56-9A1E-A35DA54A3FB0}.Release|Any CPU.ActiveCfg = Release|Any CPU
		{08F580BF-2BE7-4C56-9A1E-A35DA54A3FB0}.Release|Any CPU.Build.0 = Release|Any CPU
	EndGlobalSection
	GlobalSection(SolutionProperties) = preSolution
		HideSolutionNode = FALSE
	EndGlobalSection
EndGlobal
